// !$*UTF8*$!
{
	archiveVersion = 1;
	classes = {
	};
	objectVersion = 46;
	objects = {

/* Begin PBXBuildFile section */
		23EF4A301DF57ACB0040C4AA /* main.m in Sources */ = {isa = PBXBuildFile; fileRef = 23EF4A2F1DF57ACB0040C4AA /* main.m */; };
		23EF4A331DF57ACB0040C4AA /* AppDelegate.m in Sources */ = {isa = PBXBuildFile; fileRef = 23EF4A321DF57ACB0040C4AA /* AppDelegate.m */; };
		23EF4A361DF57ACB0040C4AA /* ViewController.m in Sources */ = {isa = PBXBuildFile; fileRef = 23EF4A351DF57ACB0040C4AA /* ViewController.m */; };
		23EF4A391DF57ACB0040C4AA /* Main.storyboard in Resources */ = {isa = PBXBuildFile; fileRef = 23EF4A371DF57ACB0040C4AA /* Main.storyboard */; };
		23EF4A3B1DF57ACB0040C4AA /* Assets.xcassets in Resources */ = {isa = PBXBuildFile; fileRef = 23EF4A3A1DF57ACB0040C4AA /* Assets.xcassets */; };
		23EF4A3E1DF57ACB0040C4AA /* LaunchScreen.storyboard in Resources */ = {isa = PBXBuildFile; fileRef = 23EF4A3C1DF57ACB0040C4AA /* LaunchScreen.storyboard */; };
		23EF4A761DF57B170040C4AA /* NSValue+Struct2Value.m in Sources */ = {isa = PBXBuildFile; fileRef = 23EF4A481DF57B160040C4AA /* NSValue+Struct2Value.m */; };
		23EF4A771DF57B170040C4AA /* VFAttachVertexInfo.m in Sources */ = {isa = PBXBuildFile; fileRef = 23EF4A521DF57B160040C4AA /* VFAttachVertexInfo.m */; };
		23EF4A781DF57B170040C4AA /* VFDrawInfo.m in Sources */ = {isa = PBXBuildFile; fileRef = 23EF4A541DF57B160040C4AA /* VFDrawInfo.m */; };
		23EF4A791DF57B170040C4AA /* VFVBODataStoredInfo.m in Sources */ = {isa = PBXBuildFile; fileRef = 23EF4A561DF57B160040C4AA /* VFVBODataStoredInfo.m */; };
		23EF4A7A1DF57B170040C4AA /* VFColor.c in Sources */ = {isa = PBXBuildFile; fileRef = 23EF4A5A1DF57B160040C4AA /* VFColor.c */; };
		23EF4A7B1DF57B170040C4AA /* VFMatrix.c in Sources */ = {isa = PBXBuildFile; fileRef = 23EF4A5E1DF57B160040C4AA /* VFMatrix.c */; };
		23EF4A7C1DF57B170040C4AA /* VFVector.c in Sources */ = {isa = PBXBuildFile; fileRef = 23EF4A601DF57B160040C4AA /* VFVector.c */; };
		23EF4A7D1DF57B170040C4AA /* VFVertexDatasManager.m in Sources */ = {isa = PBXBuildFile; fileRef = 23EF4A631DF57B160040C4AA /* VFVertexDatasManager.m */; };
		23EF4A7E1DF57B170040C4AA /* VFFrameBufferManager.m in Sources */ = {isa = PBXBuildFile; fileRef = 23EF4A661DF57B160040C4AA /* VFFrameBufferManager.m */; };
		23EF4A7F1DF57B170040C4AA /* VFRenderBufferManager.m in Sources */ = {isa = PBXBuildFile; fileRef = 23EF4A681DF57B160040C4AA /* VFRenderBufferManager.m */; };
		23EF4A801DF57B170040C4AA /* VFRenderContext.m in Sources */ = {isa = PBXBuildFile; fileRef = 23EF4A6A1DF57B160040C4AA /* VFRenderContext.m */; };
		23EF4A811DF57B170040C4AA /* VFRenderWindow.m in Sources */ = {isa = PBXBuildFile; fileRef = 23EF4A6C1DF57B170040C4AA /* VFRenderWindow.m */; };
		23EF4A821DF57B170040C4AA /* VFFragmentShader.glsl in Resources */ = {isa = PBXBuildFile; fileRef = 23EF4A6E1DF57B170040C4AA /* VFFragmentShader.glsl */; };
		23EF4A831DF57B170040C4AA /* VFShaderManager.m in Sources */ = {isa = PBXBuildFile; fileRef = 23EF4A701DF57B170040C4AA /* VFShaderManager.m */; };
		23EF4A841DF57B170040C4AA /* VFShaderValueInfo.m in Sources */ = {isa = PBXBuildFile; fileRef = 23EF4A721DF57B170040C4AA /* VFShaderValueInfo.m */; };
		23EF4A851DF57B170040C4AA /* VFShaderValueRexAnalyzer.m in Sources */ = {isa = PBXBuildFile; fileRef = 23EF4A741DF57B170040C4AA /* VFShaderValueRexAnalyzer.m */; };
		23EF4A861DF57B170040C4AA /* VFVertexShader.glsl in Resources */ = {isa = PBXBuildFile; fileRef = 23EF4A751DF57B170040C4AA /* VFVertexShader.glsl */; };
/* End PBXBuildFile section */

/* Begin PBXFileReference section */
		23EF4A2B1DF57ACB0040C4AA /* DrawGeometries_Points.app */ = {isa = PBXFileReference; explicitFileType = wrapper.application; includeInIndex = 0; path = DrawGeometries_Points.app; sourceTree = BUILT_PRODUCTS_DIR; };
		23EF4A2F1DF57ACB0040C4AA /* main.m */ = {isa = PBXFileReference; lastKnownFileType = sourcecode.c.objc; path = main.m; sourceTree = "<group>"; };
		23EF4A311DF57ACB0040C4AA /* AppDelegate.h */ = {isa = PBXFileReference; lastKnownFileType = sourcecode.c.h; path = AppDelegate.h; sourceTree = "<group>"; };
		23EF4A321DF57ACB0040C4AA /* AppDelegate.m */ = {isa = PBXFileReference; lastKnownFileType = sourcecode.c.objc; path = AppDelegate.m; sourceTree = "<group>"; };
		23EF4A341DF57ACB0040C4AA /* ViewController.h */ = {isa = PBXFileReference; lastKnownFileType = sourcecode.c.h; path = ViewController.h; sourceTree = "<group>"; };
		23EF4A351DF57ACB0040C4AA /* ViewController.m */ = {isa = PBXFileReference; lastKnownFileType = sourcecode.c.objc; path = ViewController.m; sourceTree = "<group>"; };
		23EF4A381DF57ACB0040C4AA /* Base */ = {isa = PBXFileReference; lastKnownFileType = file.storyboard; name = Base; path = Base.lproj/Main.storyboard; sourceTree = "<group>"; };
		23EF4A3A1DF57ACB0040C4AA /* Assets.xcassets */ = {isa = PBXFileReference; lastKnownFileType = folder.assetcatalog; path = Assets.xcassets; sourceTree = "<group>"; };
		23EF4A3D1DF57ACB0040C4AA /* Base */ = {isa = PBXFileReference; lastKnownFileType = file.storyboard; name = Base; path = Base.lproj/LaunchScreen.storyboard; sourceTree = "<group>"; };
		23EF4A3F1DF57ACB0040C4AA /* Info.plist */ = {isa = PBXFileReference; lastKnownFileType = text.plist.xml; path = Info.plist; sourceTree = "<group>"; };
		23EF4A471DF57B160040C4AA /* NSValue+Struct2Value.h */ = {isa = PBXFileReference; fileEncoding = 4; lastKnownFileType = sourcecode.c.h; path = "NSValue+Struct2Value.h"; sourceTree = "<group>"; };
		23EF4A481DF57B160040C4AA /* NSValue+Struct2Value.m */ = {isa = PBXFileReference; fileEncoding = 4; lastKnownFileType = sourcecode.c.objc; path = "NSValue+Struct2Value.m"; sourceTree = "<group>"; };
		23EF4A491DF57B160040C4AA /* VFCommon.h */ = {isa = PBXFileReference; fileEncoding = 4; lastKnownFileType = sourcecode.c.h; path = VFCommon.h; sourceTree = "<group>"; };
		23EF4A4A1DF57B160040C4AA /* VFFreeSource.h */ = {isa = PBXFileReference; fileEncoding = 4; lastKnownFileType = sourcecode.c.h; path = VFFreeSource.h; sourceTree = "<group>"; };
		23EF4A4B1DF57B160040C4AA /* VFHandleError.h */ = {isa = PBXFileReference; fileEncoding = 4; lastKnownFileType = sourcecode.c.h; path = VFHandleError.h; sourceTree = "<group>"; };
		23EF4A4C1DF57B160040C4AA /* VFOpenGLES2XHeader.h */ = {isa = PBXFileReference; fileEncoding = 4; lastKnownFileType = sourcecode.c.h; path = VFOpenGLES2XHeader.h; sourceTree = "<group>"; };
		23EF4A4D1DF57B160040C4AA /* VFShaderValueLocation.h */ = {isa = PBXFileReference; fileEncoding = 4; lastKnownFileType = sourcecode.c.h; path = VFShaderValueLocation.h; sourceTree = "<group>"; };
		23EF4A4E1DF57B160040C4AA /* VFVertex.h */ = {isa = PBXFileReference; fileEncoding = 4; lastKnownFileType = sourcecode.c.h; path = VFVertex.h; sourceTree = "<group>"; };
		23EF4A511DF57B160040C4AA /* VFAttachVertexInfo.h */ = {isa = PBXFileReference; fileEncoding = 4; lastKnownFileType = sourcecode.c.h; path = VFAttachVertexInfo.h; sourceTree = "<group>"; };
		23EF4A521DF57B160040C4AA /* VFAttachVertexInfo.m */ = {isa = PBXFileReference; fileEncoding = 4; lastKnownFileType = sourcecode.c.objc; path = VFAttachVertexInfo.m; sourceTree = "<group>"; };
		23EF4A531DF57B160040C4AA /* VFDrawInfo.h */ = {isa = PBXFileReference; fileEncoding = 4; lastKnownFileType = sourcecode.c.h; path = VFDrawInfo.h; sourceTree = "<group>"; };
		23EF4A541DF57B160040C4AA /* VFDrawInfo.m */ = {isa = PBXFileReference; fileEncoding = 4; lastKnownFileType = sourcecode.c.objc; path = VFDrawInfo.m; sourceTree = "<group>"; };
		23EF4A551DF57B160040C4AA /* VFVBODataStoredInfo.h */ = {isa = PBXFileReference; fileEncoding = 4; lastKnownFileType = sourcecode.c.h; path = VFVBODataStoredInfo.h; sourceTree = "<group>"; };
		23EF4A561DF57B160040C4AA /* VFVBODataStoredInfo.m */ = {isa = PBXFileReference; fileEncoding = 4; lastKnownFileType = sourcecode.c.objc; path = VFVBODataStoredInfo.m; sourceTree = "<group>"; };
		23EF4A571DF57B160040C4AA /* VFBaseGeometricVertexData.h */ = {isa = PBXFileReference; fileEncoding = 4; lastKnownFileType = sourcecode.c.h; path = VFBaseGeometricVertexData.h; sourceTree = "<group>"; };
		23EF4A581DF57B160040C4AA /* VFGeometriesPoints.h */ = {isa = PBXFileReference; fileEncoding = 4; lastKnownFileType = sourcecode.c.h; path = VFGeometriesPoints.h; sourceTree = "<group>"; };
		23EF4A5A1DF57B160040C4AA /* VFColor.c */ = {isa = PBXFileReference; fileEncoding = 4; lastKnownFileType = sourcecode.c.c; path = VFColor.c; sourceTree = "<group>"; };
		23EF4A5B1DF57B160040C4AA /* VFColor.h */ = {isa = PBXFileReference; fileEncoding = 4; lastKnownFileType = sourcecode.c.h; path = VFColor.h; sourceTree = "<group>"; };
		23EF4A5C1DF57B160040C4AA /* VFMath.h */ = {isa = PBXFileReference; fileEncoding = 4; lastKnownFileType = sourcecode.c.h; path = VFMath.h; sourceTree = "<group>"; };
		23EF4A5D1DF57B160040C4AA /* VFMathTypes.h */ = {isa = PBXFileReference; fileEncoding = 4; lastKnownFileType = sourcecode.c.h; path = VFMathTypes.h; sourceTree = "<group>"; };
		23EF4A5E1DF57B160040C4AA /* VFMatrix.c */ = {isa = PBXFileReference; fileEncoding = 4; lastKnownFileType = sourcecode.c.c; path = VFMatrix.c; sourceTree = "<group>"; };
		23EF4A5F1DF57B160040C4AA /* VFMatrix.h */ = {isa = PBXFileReference; fileEncoding = 4; lastKnownFileType = sourcecode.c.h; path = VFMatrix.h; sourceTree = "<group>"; };
		23EF4A601DF57B160040C4AA /* VFVector.c */ = {isa = PBXFileReference; fileEncoding = 4; lastKnownFileType = sourcecode.c.c; path = VFVector.c; sourceTree = "<group>"; };
		23EF4A611DF57B160040C4AA /* VFVector.h */ = {isa = PBXFileReference; fileEncoding = 4; lastKnownFileType = sourcecode.c.h; path = VFVector.h; sourceTree = "<group>"; };
		23EF4A621DF57B160040C4AA /* VFVertexDatasManager.h */ = {isa = PBXFileReference; fileEncoding = 4; lastKnownFileType = sourcecode.c.h; path = VFVertexDatasManager.h; sourceTree = "<group>"; };
		23EF4A631DF57B160040C4AA /* VFVertexDatasManager.m */ = {isa = PBXFileReference; fileEncoding = 4; lastKnownFileType = sourcecode.c.objc; path = VFVertexDatasManager.m; sourceTree = "<group>"; };
		23EF4A651DF57B160040C4AA /* VFFrameBufferManager.h */ = {isa = PBXFileReference; fileEncoding = 4; lastKnownFileType = sourcecode.c.h; path = VFFrameBufferManager.h; sourceTree = "<group>"; };
		23EF4A661DF57B160040C4AA /* VFFrameBufferManager.m */ = {isa = PBXFileReference; fileEncoding = 4; lastKnownFileType = sourcecode.c.objc; path = VFFrameBufferManager.m; sourceTree = "<group>"; };
		23EF4A671DF57B160040C4AA /* VFRenderBufferManager.h */ = {isa = PBXFileReference; fileEncoding = 4; lastKnownFileType = sourcecode.c.h; path = VFRenderBufferManager.h; sourceTree = "<group>"; };
		23EF4A681DF57B160040C4AA /* VFRenderBufferManager.m */ = {isa = PBXFileReference; fileEncoding = 4; lastKnownFileType = sourcecode.c.objc; path = VFRenderBufferManager.m; sourceTree = "<group>"; };
		23EF4A691DF57B160040C4AA /* VFRenderContext.h */ = {isa = PBXFileReference; fileEncoding = 4; lastKnownFileType = sourcecode.c.h; path = VFRenderContext.h; sourceTree = "<group>"; };
		23EF4A6A1DF57B160040C4AA /* VFRenderContext.m */ = {isa = PBXFileReference; fileEncoding = 4; lastKnownFileType = sourcecode.c.objc; path = VFRenderContext.m; sourceTree = "<group>"; };
		23EF4A6B1DF57B160040C4AA /* VFRenderWindow.h */ = {isa = PBXFileReference; fileEncoding = 4; lastKnownFileType = sourcecode.c.h; path = VFRenderWindow.h; sourceTree = "<group>"; };
		23EF4A6C1DF57B170040C4AA /* VFRenderWindow.m */ = {isa = PBXFileReference; fileEncoding = 4; lastKnownFileType = sourcecode.c.objc; path = VFRenderWindow.m; sourceTree = "<group>"; };
		23EF4A6E1DF57B170040C4AA /* VFFragmentShader.glsl */ = {isa = PBXFileReference; fileEncoding = 4; lastKnownFileType = text; path = VFFragmentShader.glsl; sourceTree = "<group>"; };
		23EF4A6F1DF57B170040C4AA /* VFShaderManager.h */ = {isa = PBXFileReference; fileEncoding = 4; lastKnownFileType = sourcecode.c.h; path = VFShaderManager.h; sourceTree = "<group>"; };
		23EF4A701DF57B170040C4AA /* VFShaderManager.m */ = {isa = PBXFileReference; fileEncoding = 4; lastKnownFileType = sourcecode.c.objc; path = VFShaderManager.m; sourceTree = "<group>"; };
		23EF4A711DF57B170040C4AA /* VFShaderValueInfo.h */ = {isa = PBXFileReference; fileEncoding = 4; lastKnownFileType = sourcecode.c.h; path = VFShaderValueInfo.h; sourceTree = "<group>"; };
		23EF4A721DF57B170040C4AA /* VFShaderValueInfo.m */ = {isa = PBXFileReference; fileEncoding = 4; lastKnownFileType = sourcecode.c.objc; path = VFShaderValueInfo.m; sourceTree = "<group>"; };
		23EF4A731DF57B170040C4AA /* VFShaderValueRexAnalyzer.h */ = {isa = PBXFileReference; fileEncoding = 4; lastKnownFileType = sourcecode.c.h; path = VFShaderValueRexAnalyzer.h; sourceTree = "<group>"; };
		23EF4A741DF57B170040C4AA /* VFShaderValueRexAnalyzer.m */ = {isa = PBXFileReference; fileEncoding = 4; lastKnownFileType = sourcecode.c.objc; path = VFShaderValueRexAnalyzer.m; sourceTree = "<group>"; };
		23EF4A751DF57B170040C4AA /* VFVertexShader.glsl */ = {isa = PBXFileReference; fileEncoding = 4; lastKnownFileType = text; path = VFVertexShader.glsl; sourceTree = "<group>"; };
/* End PBXFileReference section */

/* Begin PBXFrameworksBuildPhase section */
		23EF4A281DF57ACB0040C4AA /* Frameworks */ = {
			isa = PBXFrameworksBuildPhase;
			buildActionMask = 2147483647;
			files = (
			);
			runOnlyForDeploymentPostprocessing = 0;
		};
/* End PBXFrameworksBuildPhase section */

/* Begin PBXGroup section */
		23EF4A221DF57ACB0040C4AA = {
			isa = PBXGroup;
			children = (
				23EF4A2D1DF57ACB0040C4AA /* DrawGeometries_Points */,
				23EF4A2C1DF57ACB0040C4AA /* Products */,
			);
			sourceTree = "<group>";
		};
		23EF4A2C1DF57ACB0040C4AA /* Products */ = {
			isa = PBXGroup;
			children = (
				23EF4A2B1DF57ACB0040C4AA /* DrawGeometries_Points.app */,
			);
			name = Products;
			sourceTree = "<group>";
		};
		23EF4A2D1DF57ACB0040C4AA /* DrawGeometries_Points */ = {
			isa = PBXGroup;
			children = (
				23EF4A451DF57B160040C4AA /* Classes */,
				23EF4A341DF57ACB0040C4AA /* ViewController.h */,
				23EF4A351DF57ACB0040C4AA /* ViewController.m */,
				23EF4A2E1DF57ACB0040C4AA /* Supporting Files */,
			);
			path = DrawGeometries_Points;
			sourceTree = "<group>";
		};
		23EF4A2E1DF57ACB0040C4AA /* Supporting Files */ = {
			isa = PBXGroup;
			children = (
				23EF4A311DF57ACB0040C4AA /* AppDelegate.h */,
				23EF4A321DF57ACB0040C4AA /* AppDelegate.m */,
				23EF4A371DF57ACB0040C4AA /* Main.storyboard */,
				23EF4A3A1DF57ACB0040C4AA /* Assets.xcassets */,
				23EF4A3C1DF57ACB0040C4AA /* LaunchScreen.storyboard */,
				23EF4A3F1DF57ACB0040C4AA /* Info.plist */,
				23EF4A2F1DF57ACB0040C4AA /* main.m */,
			);
			name = "Supporting Files";
			sourceTree = "<group>";
		};
		23EF4A451DF57B160040C4AA /* Classes */ = {
			isa = PBXGroup;
			children = (
				23EF4A461DF57B160040C4AA /* Common */,
				23EF4A4F1DF57B160040C4AA /* Datas */,
				23EF4A641DF57B160040C4AA /* Render */,
				23EF4A6D1DF57B170040C4AA /* Shader */,
			);
			path = Classes;
			sourceTree = "<group>";
		};
		23EF4A461DF57B160040C4AA /* Common */ = {
			isa = PBXGroup;
			children = (
				23EF4A471DF57B160040C4AA /* NSValue+Struct2Value.h */,
				23EF4A481DF57B160040C4AA /* NSValue+Struct2Value.m */,
				23EF4A491DF57B160040C4AA /* VFCommon.h */,
				23EF4A4A1DF57B160040C4AA /* VFFreeSource.h */,
				23EF4A4B1DF57B160040C4AA /* VFHandleError.h */,
				23EF4A4C1DF57B160040C4AA /* VFOpenGLES2XHeader.h */,
				23EF4A4D1DF57B160040C4AA /* VFShaderValueLocation.h */,
				23EF4A4E1DF57B160040C4AA /* VFVertex.h */,
			);
			path = Common;
			sourceTree = "<group>";
		};
		23EF4A4F1DF57B160040C4AA /* Datas */ = {
			isa = PBXGroup;
			children = (
				23EF4A501DF57B160040C4AA /* Models */,
				23EF4A591DF57B160040C4AA /* VFMaths */,
				23EF4A581DF57B160040C4AA /* VFGeometriesPoints.h */,
				23EF4A571DF57B160040C4AA /* VFBaseGeometricVertexData.h */,
				23EF4A621DF57B160040C4AA /* VFVertexDatasManager.h */,
				23EF4A631DF57B160040C4AA /* VFVertexDatasManager.m */,
			);
			path = Datas;
			sourceTree = "<group>";
		};
		23EF4A501DF57B160040C4AA /* Models */ = {
			isa = PBXGroup;
			children = (
				23EF4A511DF57B160040C4AA /* VFAttachVertexInfo.h */,
				23EF4A521DF57B160040C4AA /* VFAttachVertexInfo.m */,
				23EF4A531DF57B160040C4AA /* VFDrawInfo.h */,
				23EF4A541DF57B160040C4AA /* VFDrawInfo.m */,
				23EF4A551DF57B160040C4AA /* VFVBODataStoredInfo.h */,
				23EF4A561DF57B160040C4AA /* VFVBODataStoredInfo.m */,
			);
			path = Models;
			sourceTree = "<group>";
		};
		23EF4A591DF57B160040C4AA /* VFMaths */ = {
			isa = PBXGroup;
			children = (
				23EF4A5A1DF57B160040C4AA /* VFColor.c */,
				23EF4A5B1DF57B160040C4AA /* VFColor.h */,
				23EF4A5C1DF57B160040C4AA /* VFMath.h */,
				23EF4A5D1DF57B160040C4AA /* VFMathTypes.h */,
				23EF4A5E1DF57B160040C4AA /* VFMatrix.c */,
				23EF4A5F1DF57B160040C4AA /* VFMatrix.h */,
				23EF4A601DF57B160040C4AA /* VFVector.c */,
				23EF4A611DF57B160040C4AA /* VFVector.h */,
			);
			path = VFMaths;
			sourceTree = "<group>";
		};
		23EF4A641DF57B160040C4AA /* Render */ = {
			isa = PBXGroup;
			children = (
				23EF4A651DF57B160040C4AA /* VFFrameBufferManager.h */,
				23EF4A661DF57B160040C4AA /* VFFrameBufferManager.m */,
				23EF4A671DF57B160040C4AA /* VFRenderBufferManager.h */,
				23EF4A681DF57B160040C4AA /* VFRenderBufferManager.m */,
				23EF4A691DF57B160040C4AA /* VFRenderContext.h */,
				23EF4A6A1DF57B160040C4AA /* VFRenderContext.m */,
				23EF4A6B1DF57B160040C4AA /* VFRenderWindow.h */,
				23EF4A6C1DF57B170040C4AA /* VFRenderWindow.m */,
			);
			path = Render;
			sourceTree = "<group>";
		};
		23EF4A6D1DF57B170040C4AA /* Shader */ = {
			isa = PBXGroup;
			children = (
				23EF4A871DF57B1F0040C4AA /* ShaderAnalyzer */,
				23EF4A751DF57B170040C4AA /* VFVertexShader.glsl */,
				23EF4A6E1DF57B170040C4AA /* VFFragmentShader.glsl */,
				23EF4A6F1DF57B170040C4AA /* VFShaderManager.h */,
				23EF4A701DF57B170040C4AA /* VFShaderManager.m */,
			);
			path = Shader;
			sourceTree = "<group>";
		};
		23EF4A871DF57B1F0040C4AA /* ShaderAnalyzer */ = {
			isa = PBXGroup;
			children = (
				23EF4A711DF57B170040C4AA /* VFShaderValueInfo.h */,
				23EF4A721DF57B170040C4AA /* VFShaderValueInfo.m */,
				23EF4A731DF57B170040C4AA /* VFShaderValueRexAnalyzer.h */,
				23EF4A741DF57B170040C4AA /* VFShaderValueRexAnalyzer.m */,
			);
			name = ShaderAnalyzer;
			sourceTree = "<group>";
		};
/* End PBXGroup section */

/* Begin PBXNativeTarget section */
		23EF4A2A1DF57ACB0040C4AA /* DrawGeometries_Points */ = {
			isa = PBXNativeTarget;
			buildConfigurationList = 23EF4A421DF57ACB0040C4AA /* Build configuration list for PBXNativeTarget "DrawGeometries_Points" */;
			buildPhases = (
				23EF4A271DF57ACB0040C4AA /* Sources */,
				23EF4A281DF57ACB0040C4AA /* Frameworks */,
				23EF4A291DF57ACB0040C4AA /* Resources */,
			);
			buildRules = (
			);
			dependencies = (
			);
			name = DrawGeometries_Points;
			productName = DrawGeometries_Points;
			productReference = 23EF4A2B1DF57ACB0040C4AA /* DrawGeometries_Points.app */;
			productType = "com.apple.product-type.application";
		};
/* End PBXNativeTarget section */

/* Begin PBXProject section */
		23EF4A231DF57ACB0040C4AA /* Project object */ = {
			isa = PBXProject;
			attributes = {
				LastUpgradeCheck = 0720;
				ORGANIZATIONNAME = windy;
				TargetAttributes = {
					23EF4A2A1DF57ACB0040C4AA = {
						CreatedOnToolsVersion = 7.2;
					};
				};
			};
			buildConfigurationList = 23EF4A261DF57ACB0040C4AA /* Build configuration list for PBXProject "DrawGeometries_Points" */;
			compatibilityVersion = "Xcode 3.2";
			developmentRegion = English;
			hasScannedForEncodings = 0;
			knownRegions = (
				en,
				Base,
			);
			mainGroup = 23EF4A221DF57ACB0040C4AA;
			productRefGroup = 23EF4A2C1DF57ACB0040C4AA /* Products */;
			projectDirPath = "";
			projectRoot = "";
			targets = (
				23EF4A2A1DF57ACB0040C4AA /* DrawGeometries_Points */,
			);
		};
/* End PBXProject section */

/* Begin PBXResourcesBuildPhase section */
		23EF4A291DF57ACB0040C4AA /* Resources */ = {
			isa = PBXResourcesBuildPhase;
			buildActionMask = 2147483647;
			files = (
				23EF4A821DF57B170040C4AA /* VFFragmentShader.glsl in Resources */,
				23EF4A861DF57B170040C4AA /* VFVertexShader.glsl in Resources */,
				23EF4A3E1DF57ACB0040C4AA /* LaunchScreen.storyboard in Resources */,
				23EF4A3B1DF57ACB0040C4AA /* Assets.xcassets in Resources */,
				23EF4A391DF57ACB0040C4AA /* Main.storyboard in Resources */,
			);
			runOnlyForDeploymentPostprocessing = 0;
		};
/* End PBXResourcesBuildPhase section */

/* Begin PBXSourcesBuildPhase section */
		23EF4A271DF57ACB0040C4AA /* Sources */ = {
			isa = PBXSourcesBuildPhase;
			buildActionMask = 2147483647;
			files = (
				23EF4A7C1DF57B170040C4AA /* VFVector.c in Sources */,
				23EF4A7E1DF57B170040C4AA /* VFFrameBufferManager.m in Sources */,
				23EF4A7D1DF57B170040C4AA /* VFVertexDatasManager.m in Sources */,
				23EF4A7F1DF57B170040C4AA /* VFRenderBufferManager.m in Sources */,
				23EF4A811DF57B170040C4AA /* VFRenderWindow.m in Sources */,
				23EF4A361DF57ACB0040C4AA /* ViewController.m in Sources */,
				23EF4A781DF57B170040C4AA /* VFDrawInfo.m in Sources */,
				23EF4A841DF57B170040C4AA /* VFShaderValueInfo.m in Sources */,
				23EF4A331DF57ACB0040C4AA /* AppDelegate.m in Sources */,
				23EF4A801DF57B170040C4AA /* VFRenderContext.m in Sources */,
				23EF4A851DF57B170040C4AA /* VFShaderValueRexAnalyzer.m in Sources */,
				23EF4A761DF57B170040C4AA /* NSValue+Struct2Value.m in Sources */,
				23EF4A831DF57B170040C4AA /* VFShaderManager.m in Sources */,
				23EF4A771DF57B170040C4AA /* VFAttachVertexInfo.m in Sources */,
				23EF4A7A1DF57B170040C4AA /* VFColor.c in Sources */,
				23EF4A7B1DF57B170040C4AA /* VFMatrix.c in Sources */,
				23EF4A301DF57ACB0040C4AA /* main.m in Sources */,
				23EF4A791DF57B170040C4AA /* VFVBODataStoredInfo.m in Sources */,
			);
			runOnlyForDeploymentPostprocessing = 0;
		};
/* End PBXSourcesBuildPhase section */

/* Begin PBXVariantGroup section */
		23EF4A371DF57ACB0040C4AA /* Main.storyboard */ = {
			isa = PBXVariantGroup;
			children = (
				23EF4A381DF57ACB0040C4AA /* Base */,
			);
			name = Main.storyboard;
			sourceTree = "<group>";
		};
		23EF4A3C1DF57ACB0040C4AA /* LaunchScreen.storyboard */ = {
			isa = PBXVariantGroup;
			children = (
				23EF4A3D1DF57ACB0040C4AA /* Base */,
			);
			name = LaunchScreen.storyboard;
			sourceTree = "<group>";
		};
/* End PBXVariantGroup section */

/* Begin XCBuildConfiguration section */
		23EF4A401DF57ACB0040C4AA /* Debug */ = {
			isa = XCBuildConfiguration;
			buildSettings = {
				ALWAYS_SEARCH_USER_PATHS = NO;
				CLANG_CXX_LANGUAGE_STANDARD = "gnu++0x";
				CLANG_CXX_LIBRARY = "libc++";
				CLANG_ENABLE_MODULES = YES;
				CLANG_ENABLE_OBJC_ARC = YES;
				CLANG_WARN_BOOL_CONVERSION = YES;
				CLANG_WARN_CONSTANT_CONVERSION = YES;
				CLANG_WARN_DIRECT_OBJC_ISA_USAGE = YES_ERROR;
				CLANG_WARN_EMPTY_BODY = YES;
				CLANG_WARN_ENUM_CONVERSION = YES;
				CLANG_WARN_INT_CONVERSION = YES;
				CLANG_WARN_OBJC_ROOT_CLASS = YES_ERROR;
				CLANG_WARN_UNREACHABLE_CODE = YES;
				CLANG_WARN__DUPLICATE_METHOD_MATCH = YES;
				"CODE_SIGN_IDENTITY[sdk=iphoneos*]" = "iPhone Developer";
				COPY_PHASE_STRIP = NO;
				DEBUG_INFORMATION_FORMAT = dwarf;
				ENABLE_STRICT_OBJC_MSGSEND = YES;
				ENABLE_TESTABILITY = YES;
				GCC_C_LANGUAGE_STANDARD = gnu99;
				GCC_DYNAMIC_NO_PIC = NO;
				GCC_NO_COMMON_BLOCKS = YES;
				GCC_OPTIMIZATION_LEVEL = 0;
				GCC_PREPROCESSOR_DEFINITIONS = (
					"DEBUG=1",
					"$(inherited)",
				);
				GCC_WARN_64_TO_32_BIT_CONVERSION = YES;
				GCC_WARN_ABOUT_RETURN_TYPE = YES_ERROR;
				GCC_WARN_UNDECLARED_SELECTOR = YES;
				GCC_WARN_UNINITIALIZED_AUTOS = YES_AGGRESSIVE;
				GCC_WARN_UNUSED_FUNCTION = YES;
				GCC_WARN_UNUSED_VARIABLE = YES;
				IPHONEOS_DEPLOYMENT_TARGET = 9.2;
				MTL_ENABLE_DEBUG_INFO = YES;
				ONLY_ACTIVE_ARCH = YES;
				SDKROOT = iphoneos;
				TARGETED_DEVICE_FAMILY = "1,2";
			};
			name = Debug;
		};
		23EF4A411DF57ACB0040C4AA /* Release */ = {
			isa = XCBuildConfiguration;
			buildSettings = {
				ALWAYS_SEARCH_USER_PATHS = NO;
				CLANG_CXX_LANGUAGE_STANDARD = "gnu++0x";
				CLANG_CXX_LIBRARY = "libc++";
				CLANG_ENABLE_MODULES = YES;
				CLANG_ENABLE_OBJC_ARC = YES;
				CLANG_WARN_BOOL_CONVERSION = YES;
				CLANG_WARN_CONSTANT_CONVERSION = YES;
				CLANG_WARN_DIRECT_OBJC_ISA_USAGE = YES_ERROR;
				CLANG_WARN_EMPTY_BODY = YES;
				CLANG_WARN_ENUM_CONVERSION = YES;
				CLANG_WARN_INT_CONVERSION = YES;
				CLANG_WARN_OBJC_ROOT_CLASS = YES_ERROR;
				CLANG_WARN_UNREACHABLE_CODE = YES;
				CLANG_WARN__DUPLICATE_METHOD_MATCH = YES;
				"CODE_SIGN_IDENTITY[sdk=iphoneos*]" = "iPhone Developer";
				COPY_PHASE_STRIP = NO;
				DEBUG_INFORMATION_FORMAT = "dwarf-with-dsym";
				ENABLE_NS_ASSERTIONS = NO;
				ENABLE_STRICT_OBJC_MSGSEND = YES;
				GCC_C_LANGUAGE_STANDARD = gnu99;
				GCC_NO_COMMON_BLOCKS = YES;
				GCC_WARN_64_TO_32_BIT_CONVERSION = YES;
				GCC_WARN_ABOUT_RETURN_TYPE = YES_ERROR;
				GCC_WARN_UNDECLARED_SELECTOR = YES;
				GCC_WARN_UNINITIALIZED_AUTOS = YES_AGGRESSIVE;
				GCC_WARN_UNUSED_FUNCTION = YES;
				GCC_WARN_UNUSED_VARIABLE = YES;
				IPHONEOS_DEPLOYMENT_TARGET = 9.2;
				MTL_ENABLE_DEBUG_INFO = NO;
				SDKROOT = iphoneos;
				TARGETED_DEVICE_FAMILY = "1,2";
				VALIDATE_PRODUCT = YES;
			};
			name = Release;
		};
		23EF4A431DF57ACB0040C4AA /* Debug */ = {
			isa = XCBuildConfiguration;
			buildSettings = {
				ASSETCATALOG_COMPILER_APPICON_NAME = AppIcon;
				INFOPLIST_FILE = DrawGeometries_Points/Info.plist;
				LD_RUNPATH_SEARCH_PATHS = "$(inherited) @executable_path/Frameworks";
				PRODUCT_BUNDLE_IDENTIFIER = "com.windy.DrawGeometries-Points";
				PRODUCT_NAME = "$(TARGET_NAME)";
			};
			name = Debug;
		};
		23EF4A441DF57ACB0040C4AA /* Release */ = {
			isa = XCBuildConfiguration;
			buildSettings = {
				ASSETCATALOG_COMPILER_APPICON_NAME = AppIcon;
				INFOPLIST_FILE = DrawGeometries_Points/Info.plist;
				LD_RUNPATH_SEARCH_PATHS = "$(inherited) @executable_path/Frameworks";
				PRODUCT_BUNDLE_IDENTIFIER = "com.windy.DrawGeometries-Points";
				PRODUCT_NAME = "$(TARGET_NAME)";
			};
			name = Release;
		};
/* End XCBuildConfiguration section */

/* Begin XCConfigurationList section */
		23EF4A261DF57ACB0040C4AA /* Build configuration list for PBXProject "DrawGeometries_Points" */ = {
			isa = XCConfigurationList;
			buildConfigurations = (
				23EF4A401DF57ACB0040C4AA /* Debug */,
				23EF4A411DF57ACB0040C4AA /* Release */,
			);
			defaultConfigurationIsVisible = 0;
			defaultConfigurationName = Release;
		};
		23EF4A421DF57ACB0040C4AA /* Build configuration list for PBXNativeTarget "DrawGeometries_Points" */ = {
			isa = XCConfigurationList;
			buildConfigurations = (
				23EF4A431DF57ACB0040C4AA /* Debug */,
				23EF4A441DF57ACB0040C4AA /* Release */,
			);
			defaultConfigurationIsVisible = 0;
		};
/* End XCConfigurationList section */
	};
	rootObject = 23EF4A231DF57ACB0040C4AA /* Project object */;
}
