// !$*UTF8*$!
{
	archiveVersion = 1;
	classes = {
	};
	objectVersion = 46;
	objects = {

/* Begin PBXBuildFile section */
		23F137591DE9387D001F2C2A /* main.m in Sources */ = {isa = PBXBuildFile; fileRef = 23F137581DE9387D001F2C2A /* main.m */; };
		23F137611DE938A1001F2C2A /* VFCalculatePoints.m in Sources */ = {isa = PBXBuildFile; fileRef = 23F137601DE938A1001F2C2A /* VFCalculatePoints.m */; };
/* End PBXBuildFile section */

/* Begin PBXCopyFilesBuildPhase section */
		23F137531DE9387D001F2C2A /* CopyFiles */ = {
			isa = PBXCopyFilesBuildPhase;
			buildActionMask = 2147483647;
			dstPath = /usr/share/man/man1/;
			dstSubfolderSpec = 0;
			files = (
			);
			runOnlyForDeploymentPostprocessing = 1;
		};
/* End PBXCopyFilesBuildPhase section */

/* Begin PBXFileReference section */
		23F137551DE9387D001F2C2A /* VFDynamicCalculateGeoPoints */ = {isa = PBXFileReference; explicitFileType = "compiled.mach-o.executable"; includeInIndex = 0; path = VFDynamicCalculateGeoPoints; sourceTree = BUILT_PRODUCTS_DIR; };
		23F137581DE9387D001F2C2A /* main.m */ = {isa = PBXFileReference; lastKnownFileType = sourcecode.c.objc; path = main.m; sourceTree = "<group>"; };
		23F1375F1DE938A1001F2C2A /* VFCalculatePoints.h */ = {isa = PBXFileReference; fileEncoding = 4; lastKnownFileType = sourcecode.c.h; path = VFCalculatePoints.h; sourceTree = "<group>"; };
		23F137601DE938A1001F2C2A /* VFCalculatePoints.m */ = {isa = PBXFileReference; fileEncoding = 4; lastKnownFileType = sourcecode.c.objc; path = VFCalculatePoints.m; sourceTree = "<group>"; };
/* End PBXFileReference section */

/* Begin PBXFrameworksBuildPhase section */
		23F137521DE9387D001F2C2A /* Frameworks */ = {
			isa = PBXFrameworksBuildPhase;
			buildActionMask = 2147483647;
			files = (
			);
			runOnlyForDeploymentPostprocessing = 0;
		};
/* End PBXFrameworksBuildPhase section */

/* Begin PBXGroup section */
		23F1374C1DE9387C001F2C2A = {
			isa = PBXGroup;
			children = (
				23F137571DE9387D001F2C2A /* VFDynamicCalculateGeoPoints */,
				23F137561DE9387D001F2C2A /* Products */,
			);
			sourceTree = "<group>";
		};
		23F137561DE9387D001F2C2A /* Products */ = {
			isa = PBXGroup;
			children = (
				23F137551DE9387D001F2C2A /* VFDynamicCalculateGeoPoints */,
			);
			name = Products;
			sourceTree = "<group>";
		};
		23F137571DE9387D001F2C2A /* VFDynamicCalculateGeoPoints */ = {
			isa = PBXGroup;
			children = (
				23F137581DE9387D001F2C2A /* main.m */,
				23F1375F1DE938A1001F2C2A /* VFCalculatePoints.h */,
				23F137601DE938A1001F2C2A /* VFCalculatePoints.m */,
			);
			path = VFDynamicCalculateGeoPoints;
			sourceTree = "<group>";
		};
/* End PBXGroup section */

/* Begin PBXNativeTarget section */
		23F137541DE9387D001F2C2A /* VFDynamicCalculateGeoPoints */ = {
			isa = PBXNativeTarget;
			buildConfigurationList = 23F1375C1DE9387D001F2C2A /* Build configuration list for PBXNativeTarget "VFDynamicCalculateGeoPoints" */;
			buildPhases = (
				23F137511DE9387D001F2C2A /* Sources */,
				23F137521DE9387D001F2C2A /* Frameworks */,
				23F137531DE9387D001F2C2A /* CopyFiles */,
			);
			buildRules = (
			);
			dependencies = (
			);
			name = VFDynamicCalculateGeoPoints;
			productName = VFDynamicCalculateGeoPoints;
			productReference = 23F137551DE9387D001F2C2A /* VFDynamicCalculateGeoPoints */;
			productType = "com.apple.product-type.tool";
		};
/* End PBXNativeTarget section */

/* Begin PBXProject section */
		23F1374D1DE9387C001F2C2A /* Project object */ = {
			isa = PBXProject;
			attributes = {
				LastUpgradeCheck = 0720;
				ORGANIZATIONNAME = windy;
				TargetAttributes = {
					23F137541DE9387D001F2C2A = {
						CreatedOnToolsVersion = 7.2;
					};
				};
			};
			buildConfigurationList = 23F137501DE9387C001F2C2A /* Build configuration list for PBXProject "VFDynamicCalculateGeoPoints" */;
			compatibilityVersion = "Xcode 3.2";
			developmentRegion = English;
			hasScannedForEncodings = 0;
			knownRegions = (
				en,
			);
			mainGroup = 23F1374C1DE9387C001F2C2A;
			productRefGroup = 23F137561DE9387D001F2C2A /* Products */;
			projectDirPath = "";
			projectRoot = "";
			targets = (
				23F137541DE9387D001F2C2A /* VFDynamicCalculateGeoPoints */,
			);
		};
/* End PBXProject section */

/* Begin PBXSourcesBuildPhase section */
		23F137511DE9387D001F2C2A /* Sources */ = {
			isa = PBXSourcesBuildPhase;
			buildActionMask = 2147483647;
			files = (
				23F137591DE9387D001F2C2A /* main.m in Sources */,
				23F137611DE938A1001F2C2A /* VFCalculatePoints.m in Sources */,
			);
			runOnlyForDeploymentPostprocessing = 0;
		};
/* End PBXSourcesBuildPhase section */

/* Begin XCBuildConfiguration section */
		23F1375A1DE9387D001F2C2A /* Debug */ = {
			isa = XCBuildConfiguration;
			buildSettings = {
				ALWAYS_SEARCH_USER_PATHS = NO;
				CLANG_CXX_LANGUAGE_STANDARD = "gnu++0x";
				CLANG_CXX_LIBRARY = "libc++";
				CLANG_ENABLE_MODULES = YES;
				CLANG_ENABLE_OBJC_ARC = YES;
				CLANG_WARN_BOOL_CONVERSION = YES;
				CLANG_WARN_CONSTANT_CONVERSION = YES;
				CLANG_WARN_DIRECT_OBJC_ISA_USAGE = YES_ERROR;
				CLANG_WARN_EMPTY_BODY = YES;
				CLANG_WARN_ENUM_CONVERSION = YES;
				CLANG_WARN_INT_CONVERSION = YES;
				CLANG_WARN_OBJC_ROOT_CLASS = YES_ERROR;
				CLANG_WARN_UNREACHABLE_CODE = YES;
				CLANG_WARN__DUPLICATE_METHOD_MATCH = YES;
				CODE_SIGN_IDENTITY = "-";
				COPY_PHASE_STRIP = NO;
				DEBUG_INFORMATION_FORMAT = dwarf;
				ENABLE_STRICT_OBJC_MSGSEND = YES;
				ENABLE_TESTABILITY = YES;
				GCC_C_LANGUAGE_STANDARD = gnu99;
				GCC_DYNAMIC_NO_PIC = NO;
				GCC_NO_COMMON_BLOCKS = YES;
				GCC_OPTIMIZATION_LEVEL = 0;
				GCC_PREPROCESSOR_DEFINITIONS = (
					"DEBUG=1",
					"$(inherited)",
				);
				GCC_WARN_64_TO_32_BIT_CONVERSION = YES;
				GCC_WARN_ABOUT_RETURN_TYPE = YES_ERROR;
				GCC_WARN_UNDECLARED_SELECTOR = YES;
				GCC_WARN_UNINITIALIZED_AUTOS = YES_AGGRESSIVE;
				GCC_WARN_UNUSED_FUNCTION = YES;
				GCC_WARN_UNUSED_VARIABLE = YES;
				MACOSX_DEPLOYMENT_TARGET = 10.10;
				MTL_ENABLE_DEBUG_INFO = YES;
				ONLY_ACTIVE_ARCH = YES;
				SDKROOT = macosx;
			};
			name = Debug;
		};
		23F1375B1DE9387D001F2C2A /* Release */ = {
			isa = XCBuildConfiguration;
			buildSettings = {
				ALWAYS_SEARCH_USER_PATHS = NO;
				CLANG_CXX_LANGUAGE_STANDARD = "gnu++0x";
				CLANG_CXX_LIBRARY = "libc++";
				CLANG_ENABLE_MODULES = YES;
				CLANG_ENABLE_OBJC_ARC = YES;
				CLANG_WARN_BOOL_CONVERSION = YES;
				CLANG_WARN_CONSTANT_CONVERSION = YES;
				CLANG_WARN_DIRECT_OBJC_ISA_USAGE = YES_ERROR;
				CLANG_WARN_EMPTY_BODY = YES;
				CLANG_WARN_ENUM_CONVERSION = YES;
				CLANG_WARN_INT_CONVERSION = YES;
				CLANG_WARN_OBJC_ROOT_CLASS = YES_ERROR;
				CLANG_WARN_UNREACHABLE_CODE = YES;
				CLANG_WARN__DUPLICATE_METHOD_MATCH = YES;
				CODE_SIGN_IDENTITY = "-";
				COPY_PHASE_STRIP = NO;
				DEBUG_INFORMATION_FORMAT = "dwarf-with-dsym";
				ENABLE_NS_ASSERTIONS = NO;
				ENABLE_STRICT_OBJC_MSGSEND = YES;
				GCC_C_LANGUAGE_STANDARD = gnu99;
				GCC_NO_COMMON_BLOCKS = YES;
				GCC_WARN_64_TO_32_BIT_CONVERSION = YES;
				GCC_WARN_ABOUT_RETURN_TYPE = YES_ERROR;
				GCC_WARN_UNDECLARED_SELECTOR = YES;
				GCC_WARN_UNINITIALIZED_AUTOS = YES_AGGRESSIVE;
				GCC_WARN_UNUSED_FUNCTION = YES;
				GCC_WARN_UNUSED_VARIABLE = YES;
				MACOSX_DEPLOYMENT_TARGET = 10.10;
				MTL_ENABLE_DEBUG_INFO = NO;
				SDKROOT = macosx;
			};
			name = Release;
		};
		23F1375D1DE9387D001F2C2A /* Debug */ = {
			isa = XCBuildConfiguration;
			buildSettings = {
				PRODUCT_NAME = "$(TARGET_NAME)";
			};
			name = Debug;
		};
		23F1375E1DE9387D001F2C2A /* Release */ = {
			isa = XCBuildConfiguration;
			buildSettings = {
				PRODUCT_NAME = "$(TARGET_NAME)";
			};
			name = Release;
		};
/* End XCBuildConfiguration section */

/* Begin XCConfigurationList section */
		23F137501DE9387C001F2C2A /* Build configuration list for PBXProject "VFDynamicCalculateGeoPoints" */ = {
			isa = XCConfigurationList;
			buildConfigurations = (
				23F1375A1DE9387D001F2C2A /* Debug */,
				23F1375B1DE9387D001F2C2A /* Release */,
			);
			defaultConfigurationIsVisible = 0;
			defaultConfigurationName = Release;
		};
		23F1375C1DE9387D001F2C2A /* Build configuration list for PBXNativeTarget "VFDynamicCalculateGeoPoints" */ = {
			isa = XCConfigurationList;
			buildConfigurations = (
				23F1375D1DE9387D001F2C2A /* Debug */,
				23F1375E1DE9387D001F2C2A /* Release */,
			);
			defaultConfigurationIsVisible = 0;
		};
/* End XCConfigurationList section */
	};
	rootObject = 23F1374D1DE9387C001F2C2A /* Project object */;
}
