// !$*UTF8*$!
{
	archiveVersion = 1;
	classes = {
	};
	objectVersion = 46;
	objects = {

/* Begin PBXBuildFile section */
		2344500E1E544826004DD80C /* main.m in Sources */ = {isa = PBXBuildFile; fileRef = 2344500D1E544826004DD80C /* main.m */; };
		234450111E544826004DD80C /* AppDelegate.m in Sources */ = {isa = PBXBuildFile; fileRef = 234450101E544826004DD80C /* AppDelegate.m */; };
		234450141E544826004DD80C /* ViewController.m in Sources */ = {isa = PBXBuildFile; fileRef = 234450131E544826004DD80C /* ViewController.m */; };
		234450171E544826004DD80C /* Main.storyboard in Resources */ = {isa = PBXBuildFile; fileRef = 234450151E544826004DD80C /* Main.storyboard */; };
		234450191E544826004DD80C /* Assets.xcassets in Resources */ = {isa = PBXBuildFile; fileRef = 234450181E544826004DD80C /* Assets.xcassets */; };
		2344501C1E544826004DD80C /* LaunchScreen.storyboard in Resources */ = {isa = PBXBuildFile; fileRef = 2344501A1E544826004DD80C /* LaunchScreen.storyboard */; };
		234450321E5448AF004DD80C /* VYTransforms.m in Sources */ = {isa = PBXBuildFile; fileRef = 234450261E5448AF004DD80C /* VYTransforms.m */; };
		234450331E5448AF004DD80C /* VYTextureView.m in Sources */ = {isa = PBXBuildFile; fileRef = 2344502B1E5448AF004DD80C /* VYTextureView.m */; };
		234450341E5448AF004DD80C /* VYTex2DFragmentShader.glsl in Resources */ = {isa = PBXBuildFile; fileRef = 2344502D1E5448AF004DD80C /* VYTex2DFragmentShader.glsl */; };
		234450351E5448AF004DD80C /* VYTex2DVertexShader.glsl in Resources */ = {isa = PBXBuildFile; fileRef = 2344502E1E5448AF004DD80C /* VYTex2DVertexShader.glsl */; };
		234450361E5448AF004DD80C /* VYTexCubemapFragmentShader.glsl in Resources */ = {isa = PBXBuildFile; fileRef = 2344502F1E5448AF004DD80C /* VYTexCubemapFragmentShader.glsl */; };
		234450371E5448AF004DD80C /* VYTexCubemapVertexShader.glsl in Resources */ = {isa = PBXBuildFile; fileRef = 234450301E5448AF004DD80C /* VYTexCubemapVertexShader.glsl */; };
/* End PBXBuildFile section */

/* Begin PBXFileReference section */
		234450091E544826004DD80C /* Texture-OneStep-Starter.app */ = {isa = PBXFileReference; explicitFileType = wrapper.application; includeInIndex = 0; path = "Texture-OneStep-Starter.app"; sourceTree = BUILT_PRODUCTS_DIR; };
		2344500D1E544826004DD80C /* main.m */ = {isa = PBXFileReference; lastKnownFileType = sourcecode.c.objc; path = main.m; sourceTree = "<group>"; };
		2344500F1E544826004DD80C /* AppDelegate.h */ = {isa = PBXFileReference; lastKnownFileType = sourcecode.c.h; path = AppDelegate.h; sourceTree = "<group>"; };
		234450101E544826004DD80C /* AppDelegate.m */ = {isa = PBXFileReference; lastKnownFileType = sourcecode.c.objc; path = AppDelegate.m; sourceTree = "<group>"; };
		234450121E544826004DD80C /* ViewController.h */ = {isa = PBXFileReference; lastKnownFileType = sourcecode.c.h; path = ViewController.h; sourceTree = "<group>"; };
		234450131E544826004DD80C /* ViewController.m */ = {isa = PBXFileReference; lastKnownFileType = sourcecode.c.objc; path = ViewController.m; sourceTree = "<group>"; };
		234450161E544826004DD80C /* Base */ = {isa = PBXFileReference; lastKnownFileType = file.storyboard; name = Base; path = Base.lproj/Main.storyboard; sourceTree = "<group>"; };
		234450181E544826004DD80C /* Assets.xcassets */ = {isa = PBXFileReference; lastKnownFileType = folder.assetcatalog; path = Assets.xcassets; sourceTree = "<group>"; };
		2344501B1E544826004DD80C /* Base */ = {isa = PBXFileReference; lastKnownFileType = file.storyboard; name = Base; path = Base.lproj/LaunchScreen.storyboard; sourceTree = "<group>"; };
		2344501D1E544826004DD80C /* Info.plist */ = {isa = PBXFileReference; lastKnownFileType = text.plist.xml; path = Info.plist; sourceTree = "<group>"; };
		234450251E5448AF004DD80C /* VYTransforms.h */ = {isa = PBXFileReference; fileEncoding = 4; lastKnownFileType = sourcecode.c.h; path = VYTransforms.h; sourceTree = "<group>"; };
		234450261E5448AF004DD80C /* VYTransforms.m */ = {isa = PBXFileReference; fileEncoding = 4; lastKnownFileType = sourcecode.c.objc; path = VYTransforms.m; sourceTree = "<group>"; };
		234450281E5448AF004DD80C /* TextureDatas.h */ = {isa = PBXFileReference; fileEncoding = 4; lastKnownFileType = sourcecode.c.h; path = TextureDatas.h; sourceTree = "<group>"; };
		2344502A1E5448AF004DD80C /* VYTextureView.h */ = {isa = PBXFileReference; fileEncoding = 4; lastKnownFileType = sourcecode.c.h; path = VYTextureView.h; sourceTree = "<group>"; };
		2344502B1E5448AF004DD80C /* VYTextureView.m */ = {isa = PBXFileReference; fileEncoding = 4; lastKnownFileType = sourcecode.c.objc; path = VYTextureView.m; sourceTree = "<group>"; };
		2344502D1E5448AF004DD80C /* VYTex2DFragmentShader.glsl */ = {isa = PBXFileReference; fileEncoding = 4; lastKnownFileType = text; path = VYTex2DFragmentShader.glsl; sourceTree = "<group>"; };
		2344502E1E5448AF004DD80C /* VYTex2DVertexShader.glsl */ = {isa = PBXFileReference; fileEncoding = 4; lastKnownFileType = text; path = VYTex2DVertexShader.glsl; sourceTree = "<group>"; };
		2344502F1E5448AF004DD80C /* VYTexCubemapFragmentShader.glsl */ = {isa = PBXFileReference; fileEncoding = 4; lastKnownFileType = text; path = VYTexCubemapFragmentShader.glsl; sourceTree = "<group>"; };
		234450301E5448AF004DD80C /* VYTexCubemapVertexShader.glsl */ = {isa = PBXFileReference; fileEncoding = 4; lastKnownFileType = text; path = VYTexCubemapVertexShader.glsl; sourceTree = "<group>"; };
/* End PBXFileReference section */

/* Begin PBXFrameworksBuildPhase section */
		234450061E544826004DD80C /* Frameworks */ = {
			isa = PBXFrameworksBuildPhase;
			buildActionMask = 2147483647;
			files = (
			);
			runOnlyForDeploymentPostprocessing = 0;
		};
/* End PBXFrameworksBuildPhase section */

/* Begin PBXGroup section */
		234450001E544826004DD80C = {
			isa = PBXGroup;
			children = (
				2344500B1E544826004DD80C /* Texture-OneStep-Starter */,
				2344500A1E544826004DD80C /* Products */,
			);
			sourceTree = "<group>";
		};
		2344500A1E544826004DD80C /* Products */ = {
			isa = PBXGroup;
			children = (
				234450091E544826004DD80C /* Texture-OneStep-Starter.app */,
			);
			name = Products;
			sourceTree = "<group>";
		};
		2344500B1E544826004DD80C /* Texture-OneStep-Starter */ = {
			isa = PBXGroup;
			children = (
				234450231E5448AF004DD80C /* Classes */,
				234450121E544826004DD80C /* ViewController.h */,
				234450131E544826004DD80C /* ViewController.m */,
				2344500C1E544826004DD80C /* Supporting Files */,
			);
			path = "Texture-OneStep-Starter";
			sourceTree = "<group>";
		};
		2344500C1E544826004DD80C /* Supporting Files */ = {
			isa = PBXGroup;
			children = (
				2344500F1E544826004DD80C /* AppDelegate.h */,
				234450101E544826004DD80C /* AppDelegate.m */,
				234450151E544826004DD80C /* Main.storyboard */,
				234450181E544826004DD80C /* Assets.xcassets */,
				2344501A1E544826004DD80C /* LaunchScreen.storyboard */,
				2344501D1E544826004DD80C /* Info.plist */,
				2344500D1E544826004DD80C /* main.m */,
			);
			name = "Supporting Files";
			sourceTree = "<group>";
		};
		234450231E5448AF004DD80C /* Classes */ = {
			isa = PBXGroup;
			children = (
				234450241E5448AF004DD80C /* Commom */,
				234450311E5448AF004DD80C /* TextureSources */,
				234450271E5448AF004DD80C /* Datas */,
				2344502C1E5448AF004DD80C /* Shader */,
				234450291E5448AF004DD80C /* MainClass */,
			);
			path = Classes;
			sourceTree = "<group>";
		};
		234450241E5448AF004DD80C /* Commom */ = {
			isa = PBXGroup;
			children = (
				234450251E5448AF004DD80C /* VYTransforms.h */,
				234450261E5448AF004DD80C /* VYTransforms.m */,
			);
			path = Commom;
			sourceTree = "<group>";
		};
		234450271E5448AF004DD80C /* Datas */ = {
			isa = PBXGroup;
			children = (
				234450281E5448AF004DD80C /* TextureDatas.h */,
			);
			path = Datas;
			sourceTree = "<group>";
		};
		234450291E5448AF004DD80C /* MainClass */ = {
			isa = PBXGroup;
			children = (
				2344502A1E5448AF004DD80C /* VYTextureView.h */,
				2344502B1E5448AF004DD80C /* VYTextureView.m */,
			);
			path = MainClass;
			sourceTree = "<group>";
		};
		2344502C1E5448AF004DD80C /* Shader */ = {
			isa = PBXGroup;
			children = (
				2344502D1E5448AF004DD80C /* VYTex2DFragmentShader.glsl */,
				2344502E1E5448AF004DD80C /* VYTex2DVertexShader.glsl */,
				2344502F1E5448AF004DD80C /* VYTexCubemapFragmentShader.glsl */,
				234450301E5448AF004DD80C /* VYTexCubemapVertexShader.glsl */,
			);
			path = Shader;
			sourceTree = "<group>";
		};
		234450311E5448AF004DD80C /* TextureSources */ = {
			isa = PBXGroup;
			children = (
			);
			path = TextureSources;
			sourceTree = "<group>";
		};
/* End PBXGroup section */

/* Begin PBXNativeTarget section */
		234450081E544826004DD80C /* Texture-OneStep-Starter */ = {
			isa = PBXNativeTarget;
			buildConfigurationList = 234450201E544826004DD80C /* Build configuration list for PBXNativeTarget "Texture-OneStep-Starter" */;
			buildPhases = (
				234450051E544826004DD80C /* Sources */,
				234450061E544826004DD80C /* Frameworks */,
				234450071E544826004DD80C /* Resources */,
			);
			buildRules = (
			);
			dependencies = (
			);
			name = "Texture-OneStep-Starter";
			productName = "Texture-OneStep-Starter";
			productReference = 234450091E544826004DD80C /* Texture-OneStep-Starter.app */;
			productType = "com.apple.product-type.application";
		};
/* End PBXNativeTarget section */

/* Begin PBXProject section */
		234450011E544826004DD80C /* Project object */ = {
			isa = PBXProject;
			attributes = {
				LastUpgradeCheck = 0820;
				ORGANIZATIONNAME = Windy;
				TargetAttributes = {
					234450081E544826004DD80C = {
						CreatedOnToolsVersion = 8.2.1;
						ProvisioningStyle = Automatic;
					};
				};
			};
			buildConfigurationList = 234450041E544826004DD80C /* Build configuration list for PBXProject "Texture-OneStep-Starter" */;
			compatibilityVersion = "Xcode 3.2";
			developmentRegion = English;
			hasScannedForEncodings = 0;
			knownRegions = (
				en,
				Base,
			);
			mainGroup = 234450001E544826004DD80C;
			productRefGroup = 2344500A1E544826004DD80C /* Products */;
			projectDirPath = "";
			projectRoot = "";
			targets = (
				234450081E544826004DD80C /* Texture-OneStep-Starter */,
			);
		};
/* End PBXProject section */

/* Begin PBXResourcesBuildPhase section */
		234450071E544826004DD80C /* Resources */ = {
			isa = PBXResourcesBuildPhase;
			buildActionMask = 2147483647;
			files = (
				234450351E5448AF004DD80C /* VYTex2DVertexShader.glsl in Resources */,
				2344501C1E544826004DD80C /* LaunchScreen.storyboard in Resources */,
				234450191E544826004DD80C /* Assets.xcassets in Resources */,
				234450171E544826004DD80C /* Main.storyboard in Resources */,
				234450341E5448AF004DD80C /* VYTex2DFragmentShader.glsl in Resources */,
				234450371E5448AF004DD80C /* VYTexCubemapVertexShader.glsl in Resources */,
				234450361E5448AF004DD80C /* VYTexCubemapFragmentShader.glsl in Resources */,
			);
			runOnlyForDeploymentPostprocessing = 0;
		};
/* End PBXResourcesBuildPhase section */

/* Begin PBXSourcesBuildPhase section */
		234450051E544826004DD80C /* Sources */ = {
			isa = PBXSourcesBuildPhase;
			buildActionMask = 2147483647;
			files = (
				234450141E544826004DD80C /* ViewController.m in Sources */,
				234450111E544826004DD80C /* AppDelegate.m in Sources */,
				2344500E1E544826004DD80C /* main.m in Sources */,
				234450331E5448AF004DD80C /* VYTextureView.m in Sources */,
				234450321E5448AF004DD80C /* VYTransforms.m in Sources */,
			);
			runOnlyForDeploymentPostprocessing = 0;
		};
/* End PBXSourcesBuildPhase section */

/* Begin PBXVariantGroup section */
		234450151E544826004DD80C /* Main.storyboard */ = {
			isa = PBXVariantGroup;
			children = (
				234450161E544826004DD80C /* Base */,
			);
			name = Main.storyboard;
			sourceTree = "<group>";
		};
		2344501A1E544826004DD80C /* LaunchScreen.storyboard */ = {
			isa = PBXVariantGroup;
			children = (
				2344501B1E544826004DD80C /* Base */,
			);
			name = LaunchScreen.storyboard;
			sourceTree = "<group>";
		};
/* End PBXVariantGroup section */

/* Begin XCBuildConfiguration section */
		2344501E1E544826004DD80C /* Debug */ = {
			isa = XCBuildConfiguration;
			buildSettings = {
				ALWAYS_SEARCH_USER_PATHS = NO;
				CLANG_ANALYZER_NONNULL = YES;
				CLANG_CXX_LANGUAGE_STANDARD = "gnu++0x";
				CLANG_CXX_LIBRARY = "libc++";
				CLANG_ENABLE_MODULES = YES;
				CLANG_ENABLE_OBJC_ARC = YES;
				CLANG_WARN_BOOL_CONVERSION = YES;
				CLANG_WARN_CONSTANT_CONVERSION = YES;
				CLANG_WARN_DIRECT_OBJC_ISA_USAGE = YES_ERROR;
				CLANG_WARN_DOCUMENTATION_COMMENTS = YES;
				CLANG_WARN_EMPTY_BODY = YES;
				CLANG_WARN_ENUM_CONVERSION = YES;
				CLANG_WARN_INFINITE_RECURSION = YES;
				CLANG_WARN_INT_CONVERSION = YES;
				CLANG_WARN_OBJC_ROOT_CLASS = YES_ERROR;
				CLANG_WARN_SUSPICIOUS_MOVE = YES;
				CLANG_WARN_UNREACHABLE_CODE = YES;
				CLANG_WARN__DUPLICATE_METHOD_MATCH = YES;
				"CODE_SIGN_IDENTITY[sdk=iphoneos*]" = "iPhone Developer";
				COPY_PHASE_STRIP = NO;
				DEBUG_INFORMATION_FORMAT = dwarf;
				ENABLE_STRICT_OBJC_MSGSEND = YES;
				ENABLE_TESTABILITY = YES;
				GCC_C_LANGUAGE_STANDARD = gnu99;
				GCC_DYNAMIC_NO_PIC = NO;
				GCC_NO_COMMON_BLOCKS = YES;
				GCC_OPTIMIZATION_LEVEL = 0;
				GCC_PREPROCESSOR_DEFINITIONS = (
					"DEBUG=1",
					"$(inherited)",
				);
				GCC_WARN_64_TO_32_BIT_CONVERSION = YES;
				GCC_WARN_ABOUT_RETURN_TYPE = YES_ERROR;
				GCC_WARN_UNDECLARED_SELECTOR = YES;
				GCC_WARN_UNINITIALIZED_AUTOS = YES_AGGRESSIVE;
				GCC_WARN_UNUSED_FUNCTION = YES;
				GCC_WARN_UNUSED_VARIABLE = YES;
				IPHONEOS_DEPLOYMENT_TARGET = 10.2;
				MTL_ENABLE_DEBUG_INFO = YES;
				ONLY_ACTIVE_ARCH = YES;
				SDKROOT = iphoneos;
			};
			name = Debug;
		};
		2344501F1E544826004DD80C /* Release */ = {
			isa = XCBuildConfiguration;
			buildSettings = {
				ALWAYS_SEARCH_USER_PATHS = NO;
				CLANG_ANALYZER_NONNULL = YES;
				CLANG_CXX_LANGUAGE_STANDARD = "gnu++0x";
				CLANG_CXX_LIBRARY = "libc++";
				CLANG_ENABLE_MODULES = YES;
				CLANG_ENABLE_OBJC_ARC = YES;
				CLANG_WARN_BOOL_CONVERSION = YES;
				CLANG_WARN_CONSTANT_CONVERSION = YES;
				CLANG_WARN_DIRECT_OBJC_ISA_USAGE = YES_ERROR;
				CLANG_WARN_DOCUMENTATION_COMMENTS = YES;
				CLANG_WARN_EMPTY_BODY = YES;
				CLANG_WARN_ENUM_CONVERSION = YES;
				CLANG_WARN_INFINITE_RECURSION = YES;
				CLANG_WARN_INT_CONVERSION = YES;
				CLANG_WARN_OBJC_ROOT_CLASS = YES_ERROR;
				CLANG_WARN_SUSPICIOUS_MOVE = YES;
				CLANG_WARN_UNREACHABLE_CODE = YES;
				CLANG_WARN__DUPLICATE_METHOD_MATCH = YES;
				"CODE_SIGN_IDENTITY[sdk=iphoneos*]" = "iPhone Developer";
				COPY_PHASE_STRIP = NO;
				DEBUG_INFORMATION_FORMAT = "dwarf-with-dsym";
				ENABLE_NS_ASSERTIONS = NO;
				ENABLE_STRICT_OBJC_MSGSEND = YES;
				GCC_C_LANGUAGE_STANDARD = gnu99;
				GCC_NO_COMMON_BLOCKS = YES;
				GCC_WARN_64_TO_32_BIT_CONVERSION = YES;
				GCC_WARN_ABOUT_RETURN_TYPE = YES_ERROR;
				GCC_WARN_UNDECLARED_SELECTOR = YES;
				GCC_WARN_UNINITIALIZED_AUTOS = YES_AGGRESSIVE;
				GCC_WARN_UNUSED_FUNCTION = YES;
				GCC_WARN_UNUSED_VARIABLE = YES;
				IPHONEOS_DEPLOYMENT_TARGET = 10.2;
				MTL_ENABLE_DEBUG_INFO = NO;
				SDKROOT = iphoneos;
				VALIDATE_PRODUCT = YES;
			};
			name = Release;
		};
		234450211E544826004DD80C /* Debug */ = {
			isa = XCBuildConfiguration;
			buildSettings = {
				ASSETCATALOG_COMPILER_APPICON_NAME = AppIcon;
				INFOPLIST_FILE = "Texture-OneStep-Starter/Info.plist";
				LD_RUNPATH_SEARCH_PATHS = "$(inherited) @executable_path/Frameworks";
				PRODUCT_BUNDLE_IDENTIFIER = "com.windy.Texture-OneStep-Starter";
				PRODUCT_NAME = "$(TARGET_NAME)";
			};
			name = Debug;
		};
		234450221E544826004DD80C /* Release */ = {
			isa = XCBuildConfiguration;
			buildSettings = {
				ASSETCATALOG_COMPILER_APPICON_NAME = AppIcon;
				INFOPLIST_FILE = "Texture-OneStep-Starter/Info.plist";
				LD_RUNPATH_SEARCH_PATHS = "$(inherited) @executable_path/Frameworks";
				PRODUCT_BUNDLE_IDENTIFIER = "com.windy.Texture-OneStep-Starter";
				PRODUCT_NAME = "$(TARGET_NAME)";
			};
			name = Release;
		};
/* End XCBuildConfiguration section */

/* Begin XCConfigurationList section */
		234450041E544826004DD80C /* Build configuration list for PBXProject "Texture-OneStep-Starter" */ = {
			isa = XCConfigurationList;
			buildConfigurations = (
				2344501E1E544826004DD80C /* Debug */,
				2344501F1E544826004DD80C /* Release */,
			);
			defaultConfigurationIsVisible = 0;
			defaultConfigurationName = Release;
		};
		234450201E544826004DD80C /* Build configuration list for PBXNativeTarget "Texture-OneStep-Starter" */ = {
			isa = XCConfigurationList;
			buildConfigurations = (
				234450211E544826004DD80C /* Debug */,
				234450221E544826004DD80C /* Release */,
			);
			defaultConfigurationIsVisible = 0;
			defaultConfigurationName = Release;
		};
/* End XCConfigurationList section */
	};
	rootObject = 234450011E544826004DD80C /* Project object */;
}
